
Microsoft Visual Studio Solution File, Format Version 12.00
# Visual Studio Version 17
VisualStudioVersion = 17.14.36518.9
MinimumVisualStudioVersion = 10.0.40219.1
Project("{FAE04EC0-301F-11D3-BF4B-00C04F79EFBC}") = "01_Lerlings_Aufgabe", "01_Lerlings_Aufgabe\01_Lerlings_Aufgabe.csproj", "{7AE3778B-65E4-4078-BECB-CDDA0B4B9FF6}"
EndProject
Global
	GlobalSection(SolutionConfigurationPlatforms) = preSolution
		Debug|Any CPU = Debug|Any CPU
		Release|Any CPU = Release|Any CPU
	EndGlobalSection
	GlobalSection(ProjectConfigurationPlatforms) = postSolution
		{7AE3778B-65E4-4078-BECB-CDDA0B4B9FF6}.Debug|Any CPU.ActiveCfg = Debug|Any CPU
		{7AE3778B-65E4-4078-BECB-CDDA0B4B9FF6}.Debug|Any CPU.Build.0 = Debug|Any CPU
		{7AE3778B-65E4-4078-BECB-CDDA0B4B9FF6}.Release|Any CPU.ActiveCfg = Release|Any CPU
		{7AE3778B-65E4-4078-BECB-CDDA0B4B9FF6}.Release|Any CPU.Build.0 = Release|Any CPU
	EndGlobalSection
	GlobalSection(SolutionProperties) = preSolution
		HideSolutionNode = FALSE
	EndGlobalSection
	GlobalSection(ExtensibilityGlobals) = postSolution
		SolutionGuid = {ED9B62B1-1AAE-48FA-87EE-05510858B115}
	EndGlobalSection
EndGlobal
